# This file is @generated by PDM.
# It is not intended for manual editing.

[metadata]
groups = ["default"]
strategy = ["cross_platform", "inherit_metadata"]
lock_version = "4.4.2"
content_hash = "sha256:881512ae8246545fe0e0896202ac5686b2547840adef899b484c62884b5de12d"

[[package]]
name = "mask-divide"
version = "0.1.0"
requires_python = ">=3.8"
summary = "Default template for PDM package"
groups = ["default"]
files = [
    {file = "mask_divide-0.1.0-py3-none-any.whl", hash = "sha256:79488dafef58fe7d752221df51ca5f441b37fc186294f8620826938b34e2d9d8"},
    {file = "mask_divide-0.1.0.tar.gz", hash = "sha256:ac8af259267cc1c5e9ed1e2716e20dc700fa09ed80899260e7550287ee6765d6"},
]

[[package]]
name = "mask-plus"
version = "0.1.0"
requires_python = ">=3.8"
summary = "Default template for PDM package"
groups = ["default"]
files = [
    {file = "mask_plus-0.1.0-py3-none-any.whl", hash = "sha256:aaf3f2b35ec8284efffd52c7a42be02c71897bdd4e47c9e13cfb9c06b081dc04"},
    {file = "mask_plus-0.1.0.tar.gz", hash = "sha256:0fb4f8cf96187fb8966a668168c5111952f32e9516ee5b15cc2ebf25db6883d3"},
]

[[package]]
name = "mask-times"
version = "0.1.0"
requires_python = ">=3.8"
summary = "Default template for PDM package"
groups = ["default"]
files = [
    {file = "mask_times-0.1.0-py3-none-any.whl", hash = "sha256:57511089061e67e8ecebd9e856aaeb2c131a8c557ed4a773f04bce65e6d37372"},
    {file = "mask_times-0.1.0.tar.gz", hash = "sha256:cba160f9cb54a1cb5bdf2e2c427034b85943e6cfd420d2d0c4bb5bc0e88e9982"},
]
